
Microsoft Visual Studio Solution File, Format Version 12.00
# Visual Studio Version 17
VisualStudioVersion = 17.5.33516.290
MinimumVisualStudioVersion = 10.0.40219.1
Project("{FAE04EC0-301F-11D3-BF4B-00C04F79EFBC}") = "IceTaskReece", "IceTaskReece\IceTaskReece.csproj", "{35BA1620-5F21-44C4-A4E2-D071EEA2553D}"
EndProject
Global
	GlobalSection(SolutionConfigurationPlatforms) = preSolution
		Debug|Any CPU = Debug|Any CPU
		Release|Any CPU = Release|Any CPU
	EndGlobalSection
	GlobalSection(ProjectConfigurationPlatforms) = postSolution
		{35BA1620-5F21-44C4-A4E2-D071EEA2553D}.Debug|Any CPU.ActiveCfg = Debug|Any CPU
		{35BA1620-5F21-44C4-A4E2-D071EEA2553D}.Debug|Any CPU.Build.0 = Debug|Any CPU
		{35BA1620-5F21-44C4-A4E2-D071EEA2553D}.Release|Any CPU.ActiveCfg = Release|Any CPU
		{35BA1620-5F21-44C4-A4E2-D071EEA2553D}.Release|Any CPU.Build.0 = Release|Any CPU
	EndGlobalSection
	GlobalSection(SolutionProperties) = preSolution
		HideSolutionNode = FALSE
	EndGlobalSection
	GlobalSection(ExtensibilityGlobals) = postSolution
		SolutionGuid = {36EAC5DB-C5BC-4A6D-9EEC-D419D8E51D5D}
	EndGlobalSection
EndGlobal
